
Microsoft Visual Studio Solution File, Format Version 12.00
# Visual Studio Version 16
VisualStudioVersion = 16.0.33529.622
MinimumVisualStudioVersion = 10.0.40219.1
Project("{FAE04EC0-301F-11D3-BF4B-00C04F79EFBC}") = "inicio", "inicio\inicio.csproj", "{ED58BE21-89E3-43F1-997A-9DBE6389041D}"
EndProject
Global
	GlobalSection(SolutionConfigurationPlatforms) = preSolution
		Debug|Any CPU = Debug|Any CPU
		Release|Any CPU = Release|Any CPU
	EndGlobalSection
	GlobalSection(ProjectConfigurationPlatforms) = postSolution
		{ED58BE21-89E3-43F1-997A-9DBE6389041D}.Debug|Any CPU.ActiveCfg = Debug|Any CPU
		{ED58BE21-89E3-43F1-997A-9DBE6389041D}.Debug|Any CPU.Build.0 = Debug|Any CPU
		{ED58BE21-89E3-43F1-997A-9DBE6389041D}.Release|Any CPU.ActiveCfg = Release|Any CPU
		{ED58BE21-89E3-43F1-997A-9DBE6389041D}.Release|Any CPU.Build.0 = Release|Any CPU
	EndGlobalSection
	GlobalSection(SolutionProperties) = preSolution
		HideSolutionNode = FALSE
	EndGlobalSection
	GlobalSection(ExtensibilityGlobals) = postSolution
		SolutionGuid = {C3C5232A-7173-420E-969F-AECC1690DFE8}
	EndGlobalSection
EndGlobal
